{
  "originHash" : "85c4a92f508eff2fb7259899d24213d3ef98c0a37234bcd98f1a2eadf4e9fbda",
  "pins" : [
    {
      "identity" : "orchard",
      "kind" : "remoteSourceControl",
      "location" : "https://github.com/kibotu/Orchard",
      "state" : {
        "revision" : "224a72f5ddcf536f5cf70d8eb17ad2460ea975b2",
        "version" : "1.0.8"
      }
    }
  ],
  "version" : 3
}
